// !$*UTF8*$!
{
	archiveVersion = 1;
	classes = {
	};
	objectVersion = 77;
	objects = {

/* Begin PBXBuildFile section */
		01DFAD812B99A765BA2630AB /* HeadroomApp.swift in Sources */ = {isa = PBXBuildFile; fileRef = 38EE102ECDB7224FF38F627F /* HeadroomApp.swift */; };
		02A91DA2049DCD5E9B534CD4 /* CategoriesView.swift in Sources */ = {isa = PBXBuildFile; fileRef = 86ECE8CB17AF026D15F53BBB /* CategoriesView.swift */; };
		07D3FE973DAA860DD0ACD8CE /* WelcomeView.swift in Sources */ = {isa = PBXBuildFile; fileRef = 9B0B5956A05089EFE78C8844 /* WelcomeView.swift */; };
		08E17C08831AE3C4A5C215FD /* AppState.swift in Sources */ = {isa = PBXBuildFile; fileRef = 410500A0DCA515C5FAC0F054 /* AppState.swift */; };
		09DBC1698FF19DE85349F252 /* MenuBarPanel.swift in Sources */ = {isa = PBXBuildFile; fileRef = 79DFA748AA10257777C06896 /* MenuBarPanel.swift */; };
		0C77797B13C3E9036545DFE9 /* SecuritySuites.swift in Sources */ = {isa = PBXBuildFile; fileRef = 73DFD17EED422B93DB2838EA /* SecuritySuites.swift */; };
		2C0ED81033D829D779E2CBA4 /* OutlineTreeView.swift in Sources */ = {isa = PBXBuildFile; fileRef = E7B774E3805205DC1D346F1F /* OutlineTreeView.swift */; };
		2DC46D3C01156DC2EB0BCAE5 /* ContentView.swift in Sources */ = {isa = PBXBuildFile; fileRef = 51F5EA27271DC95203E232DC /* ContentView.swift */; };
		2E5DACF58ED1F83B9A54B886 /* TreemapView.swift in Sources */ = {isa = PBXBuildFile; fileRef = AF3C887BED9FD8749E7CBDA7 /* TreemapView.swift */; };
		46440A725AE1B8AC4DDD6F6D /* TreeView.swift in Sources */ = {isa = PBXBuildFile; fileRef = 7549075CA60F67BDCAD42D98 /* TreeView.swift */; };
		56E94F4A9AC4F1B1D41F59B2 /* DuplicatesView.swift in Sources */ = {isa = PBXBuildFile; fileRef = 16CD38CEEE729B8F7CBBC01B /* DuplicatesView.swift */; };
		5AC16433DE17CDD84DE7CA5D /* FileCategory.swift in Sources */ = {isa = PBXBuildFile; fileRef = 7F80E36FBFC3AA085582B909 /* FileCategory.swift */; };
		61A45752514B4087C9ADDC9E /* WindowSizing.swift in Sources */ = {isa = PBXBuildFile; fileRef = ACF66BA495C10B131706D1C3 /* WindowSizing.swift */; };
		61FBCF34CE88FC7D6AE5CCD4 /* LargestFilesView.swift in Sources */ = {isa = PBXBuildFile; fileRef = 279EAA045C9C8EA9DB5F47CC /* LargestFilesView.swift */; };
		6C94CBCB3183068FAAED7BC9 /* DeleteToast.swift in Sources */ = {isa = PBXBuildFile; fileRef = B6BE11A5880E4DD8E515B81E /* DeleteToast.swift */; };
		6E2140F8C3A91451B53D51B4 /* CleanupView.swift in Sources */ = {isa = PBXBuildFile; fileRef = E286D3F043A1675F700D297F /* CleanupView.swift */; };
		90FDFF7FAE814EF985BC0976 /* Cleanup.swift in Sources */ = {isa = PBXBuildFile; fileRef = AA20C172052B1F3F9B4E3F89 /* Cleanup.swift */; };
		92DB3E69ADFF8178CA136126 /* IntroView.swift in Sources */ = {isa = PBXBuildFile; fileRef = 1CB1E99C0D93BACD18BC7890 /* IntroView.swift */; };
		9855986ABDE60FD40B08167D /* SafetyInfo.swift in Sources */ = {isa = PBXBuildFile; fileRef = FD5054742935A01D9F7B33BF /* SafetyInfo.swift */; };
		9CB88C71A34AEF286B2983C5 /* Assets.xcassets in Resources */ = {isa = PBXBuildFile; fileRef = 6E0735C605F87C57AB30D9AF /* Assets.xcassets */; };
		A01F6098B6E69F21912071AF /* ScanLocation.swift in Sources */ = {isa = PBXBuildFile; fileRef = 377C436D419A50E0B512AFBA /* ScanLocation.swift */; };
		B38B7F40529F70F7C3AD9445 /* InspectorView.swift in Sources */ = {isa = PBXBuildFile; fileRef = 77F5CB9BB62F23049C6D4700 /* InspectorView.swift */; };
		B3C7F1D7FC9C3DB02F7834AA /* Deleter.swift in Sources */ = {isa = PBXBuildFile; fileRef = 2705E344C505E364BCE29A5B /* Deleter.swift */; };
		B6E54584D1C003F98347D665 /* Scanner.swift in Sources */ = {isa = PBXBuildFile; fileRef = 2C694AF0D3DB449E1AC3D8C8 /* Scanner.swift */; };
		BA0BB224C89D65BCEC08879F /* FileNode.swift in Sources */ = {isa = PBXBuildFile; fileRef = 0266B1C6AB063EA30D34CA2C /* FileNode.swift */; };
		C224CC174E9EC5CAA01CB3A3 /* DiskMonitor.swift in Sources */ = {isa = PBXBuildFile; fileRef = 66185088A090909D90F03490 /* DiskMonitor.swift */; };
		E517675D78AEC299DD860833 /* Duplicates.swift in Sources */ = {isa = PBXBuildFile; fileRef = 8A2DBBC5C77506F99C09B4CE /* Duplicates.swift */; };
		F1B7637CD7FF60419CB388D1 /* DashboardView.swift in Sources */ = {isa = PBXBuildFile; fileRef = 7CBEF98F4C2166016B7DBC10 /* DashboardView.swift */; };
/* End PBXBuildFile section */

/* Begin PBXFileReference section */
		0266B1C6AB063EA30D34CA2C /* FileNode.swift */ = {isa = PBXFileReference; lastKnownFileType = sourcecode.swift; path = FileNode.swift; sourceTree = "<group>"; };
		16CD38CEEE729B8F7CBBC01B /* DuplicatesView.swift */ = {isa = PBXFileReference; lastKnownFileType = sourcecode.swift; path = DuplicatesView.swift; sourceTree = "<group>"; };
		1CB1E99C0D93BACD18BC7890 /* IntroView.swift */ = {isa = PBXFileReference; lastKnownFileType = sourcecode.swift; path = IntroView.swift; sourceTree = "<group>"; };
		1E80C3142251E59C561CCCBC /* Headroom.app */ = {isa = PBXFileReference; explicitFileType = wrapper.application; includeInIndex = 0; path = Headroom.app; sourceTree = BUILT_PRODUCTS_DIR; };
		2705E344C505E364BCE29A5B /* Deleter.swift */ = {isa = PBXFileReference; lastKnownFileType = sourcecode.swift; path = Deleter.swift; sourceTree = "<group>"; };
		279EAA045C9C8EA9DB5F47CC /* LargestFilesView.swift */ = {isa = PBXFileReference; lastKnownFileType = sourcecode.swift; path = LargestFilesView.swift; sourceTree = "<group>"; };
		2C694AF0D3DB449E1AC3D8C8 /* Scanner.swift */ = {isa = PBXFileReference; lastKnownFileType = sourcecode.swift; path = Scanner.swift; sourceTree = "<group>"; };
		377C436D419A50E0B512AFBA /* ScanLocation.swift */ = {isa = PBXFileReference; lastKnownFileType = sourcecode.swift; path = ScanLocation.swift; sourceTree = "<group>"; };
		38EE102ECDB7224FF38F627F /* HeadroomApp.swift */ = {isa = PBXFileReference; lastKnownFileType = sourcecode.swift; path = HeadroomApp.swift; sourceTree = "<group>"; };
		410500A0DCA515C5FAC0F054 /* AppState.swift */ = {isa = PBXFileReference; lastKnownFileType = sourcecode.swift; path = AppState.swift; sourceTree = "<group>"; };
		51F5EA27271DC95203E232DC /* ContentView.swift */ = {isa = PBXFileReference; lastKnownFileType = sourcecode.swift; path = ContentView.swift; sourceTree = "<group>"; };
		66185088A090909D90F03490 /* DiskMonitor.swift */ = {isa = PBXFileReference; lastKnownFileType = sourcecode.swift; path = DiskMonitor.swift; sourceTree = "<group>"; };
		6E0735C605F87C57AB30D9AF /* Assets.xcassets */ = {isa = PBXFileReference; lastKnownFileType = folder.assetcatalog; path = Assets.xcassets; sourceTree = "<group>"; };
		73DFD17EED422B93DB2838EA /* SecuritySuites.swift */ = {isa = PBXFileReference; lastKnownFileType = sourcecode.swift; path = SecuritySuites.swift; sourceTree = "<group>"; };
		7549075CA60F67BDCAD42D98 /* TreeView.swift */ = {isa = PBXFileReference; lastKnownFileType = sourcecode.swift; path = TreeView.swift; sourceTree = "<group>"; };
		77F5CB9BB62F23049C6D4700 /* InspectorView.swift */ = {isa = PBXFileReference; lastKnownFileType = sourcecode.swift; path = InspectorView.swift; sourceTree = "<group>"; };
		79DFA748AA10257777C06896 /* MenuBarPanel.swift */ = {isa = PBXFileReference; lastKnownFileType = sourcecode.swift; path = MenuBarPanel.swift; sourceTree = "<group>"; };
		7CBEF98F4C2166016B7DBC10 /* DashboardView.swift */ = {isa = PBXFileReference; lastKnownFileType = sourcecode.swift; path = DashboardView.swift; sourceTree = "<group>"; };
		7F80E36FBFC3AA085582B909 /* FileCategory.swift */ = {isa = PBXFileReference; lastKnownFileType = sourcecode.swift; path = FileCategory.swift; sourceTree = "<group>"; };
		86ECE8CB17AF026D15F53BBB /* CategoriesView.swift */ = {isa = PBXFileReference; lastKnownFileType = sourcecode.swift; path = CategoriesView.swift; sourceTree = "<group>"; };
		8A2DBBC5C77506F99C09B4CE /* Duplicates.swift */ = {isa = PBXFileReference; lastKnownFileType = sourcecode.swift; path = Duplicates.swift; sourceTree = "<group>"; };
		9B0B5956A05089EFE78C8844 /* WelcomeView.swift */ = {isa = PBXFileReference; lastKnownFileType = sourcecode.swift; path = WelcomeView.swift; sourceTree = "<group>"; };
		AA20C172052B1F3F9B4E3F89 /* Cleanup.swift */ = {isa = PBXFileReference; lastKnownFileType = sourcecode.swift; path = Cleanup.swift; sourceTree = "<group>"; };
		ACF66BA495C10B131706D1C3 /* WindowSizing.swift */ = {isa = PBXFileReference; lastKnownFileType = sourcecode.swift; path = WindowSizing.swift; sourceTree = "<group>"; };
		AF3C887BED9FD8749E7CBDA7 /* TreemapView.swift */ = {isa = PBXFileReference; lastKnownFileType = sourcecode.swift; path = TreemapView.swift; sourceTree = "<group>"; };
		B6BE11A5880E4DD8E515B81E /* DeleteToast.swift */ = {isa = PBXFileReference; lastKnownFileType = sourcecode.swift; path = DeleteToast.swift; sourceTree = "<group>"; };
		E286D3F043A1675F700D297F /* CleanupView.swift */ = {isa = PBXFileReference; lastKnownFileType = sourcecode.swift; path = CleanupView.swift; sourceTree = "<group>"; };
		E7B774E3805205DC1D346F1F /* OutlineTreeView.swift */ = {isa = PBXFileReference; lastKnownFileType = sourcecode.swift; path = OutlineTreeView.swift; sourceTree = "<group>"; };
		FD5054742935A01D9F7B33BF /* SafetyInfo.swift */ = {isa = PBXFileReference; lastKnownFileType = sourcecode.swift; path = SafetyInfo.swift; sourceTree = "<group>"; };
/* End PBXFileReference section */

/* Begin PBXGroup section */
		0752E313D5D90931C853F4B0 /* Models */ = {
			isa = PBXGroup;
			children = (
				410500A0DCA515C5FAC0F054 /* AppState.swift */,
				7F80E36FBFC3AA085582B909 /* FileCategory.swift */,
				0266B1C6AB063EA30D34CA2C /* FileNode.swift */,
				377C436D419A50E0B512AFBA /* ScanLocation.swift */,
			);
			path = Models;
			sourceTree = "<group>";
		};
		13629C64DC71E34FB562AF3F /* Products */ = {
			isa = PBXGroup;
			children = (
				1E80C3142251E59C561CCCBC /* Headroom.app */,
			);
			name = Products;
			sourceTree = "<group>";
		};
		2FF02754BF6DA6E59931C36A /* Assets */ = {
			isa = PBXGroup;
			children = (
				6E0735C605F87C57AB30D9AF /* Assets.xcassets */,
			);
			path = Assets;
			sourceTree = "<group>";
		};
		54898B0102B689781484A986 /* Headroom */ = {
			isa = PBXGroup;
			children = (
				38EE102ECDB7224FF38F627F /* HeadroomApp.swift */,
				65D2E08E54660CD5F89619F0 /* Engine */,
				0752E313D5D90931C853F4B0 /* Models */,
				B9E1C311DC6E1F8207B88A5D /* Views */,
			);
			name = Headroom;
			path = Sources/Headroom;
			sourceTree = "<group>";
		};
		62D65A057EA50D3E86A7F9F4 = {
			isa = PBXGroup;
			children = (
				2FF02754BF6DA6E59931C36A /* Assets */,
				54898B0102B689781484A986 /* Headroom */,
				13629C64DC71E34FB562AF3F /* Products */,
			);
			sourceTree = "<group>";
		};
		65D2E08E54660CD5F89619F0 /* Engine */ = {
			isa = PBXGroup;
			children = (
				AA20C172052B1F3F9B4E3F89 /* Cleanup.swift */,
				2705E344C505E364BCE29A5B /* Deleter.swift */,
				66185088A090909D90F03490 /* DiskMonitor.swift */,
				8A2DBBC5C77506F99C09B4CE /* Duplicates.swift */,
				FD5054742935A01D9F7B33BF /* SafetyInfo.swift */,
				2C694AF0D3DB449E1AC3D8C8 /* Scanner.swift */,
				73DFD17EED422B93DB2838EA /* SecuritySuites.swift */,
			);
			path = Engine;
			sourceTree = "<group>";
		};
		B9E1C311DC6E1F8207B88A5D /* Views */ = {
			isa = PBXGroup;
			children = (
				86ECE8CB17AF026D15F53BBB /* CategoriesView.swift */,
				E286D3F043A1675F700D297F /* CleanupView.swift */,
				51F5EA27271DC95203E232DC /* ContentView.swift */,
				7CBEF98F4C2166016B7DBC10 /* DashboardView.swift */,
				B6BE11A5880E4DD8E515B81E /* DeleteToast.swift */,
				16CD38CEEE729B8F7CBBC01B /* DuplicatesView.swift */,
				77F5CB9BB62F23049C6D4700 /* InspectorView.swift */,
				1CB1E99C0D93BACD18BC7890 /* IntroView.swift */,
				279EAA045C9C8EA9DB5F47CC /* LargestFilesView.swift */,
				79DFA748AA10257777C06896 /* MenuBarPanel.swift */,
				E7B774E3805205DC1D346F1F /* OutlineTreeView.swift */,
				AF3C887BED9FD8749E7CBDA7 /* TreemapView.swift */,
				7549075CA60F67BDCAD42D98 /* TreeView.swift */,
				9B0B5956A05089EFE78C8844 /* WelcomeView.swift */,
				ACF66BA495C10B131706D1C3 /* WindowSizing.swift */,
			);
			path = Views;
			sourceTree = "<group>";
		};
/* End PBXGroup section */

/* Begin PBXNativeTarget section */
		4686BFD5F1855F6871F8CA0A /* Headroom */ = {
			isa = PBXNativeTarget;
			buildConfigurationList = 3E29D1F7476724620C0F38FD /* Build configuration list for PBXNativeTarget "Headroom" */;
			buildPhases = (
				E34AB7BC39BA4447F5B8BCDF /* Sources */,
				F5B60506CE511B37E1A6269B /* Resources */,
			);
			buildRules = (
			);
			dependencies = (
			);
			name = Headroom;
			packageProductDependencies = (
			);
			productName = Headroom;
			productReference = 1E80C3142251E59C561CCCBC /* Headroom.app */;
			productType = "com.apple.product-type.application";
		};
/* End PBXNativeTarget section */

/* Begin PBXProject section */
		F5F2DC8D92D80C6725E159CD /* Project object */ = {
			isa = PBXProject;
			attributes = {
				BuildIndependentTargetsInParallel = YES;
				LastUpgradeCheck = 1600;
				TargetAttributes = {
					4686BFD5F1855F6871F8CA0A = {
						ProvisioningStyle = Automatic;
					};
				};
			};
			buildConfigurationList = 8911E810F17D902BDE660A7F /* Build configuration list for PBXProject "Headroom" */;
			developmentRegion = en;
			hasScannedForEncodings = 0;
			knownRegions = (
				Base,
				en,
			);
			mainGroup = 62D65A057EA50D3E86A7F9F4;
			minimizedProjectReferenceProxies = 1;
			preferredProjectObjectVersion = 77;
			productRefGroup = 13629C64DC71E34FB562AF3F /* Products */;
			projectDirPath = "";
			projectRoot = "";
			targets = (
				4686BFD5F1855F6871F8CA0A /* Headroom */,
			);
		};
/* End PBXProject section */

/* Begin PBXResourcesBuildPhase section */
		F5B60506CE511B37E1A6269B /* Resources */ = {
			isa = PBXResourcesBuildPhase;
			buildActionMask = 2147483647;
			files = (
				9CB88C71A34AEF286B2983C5 /* Assets.xcassets in Resources */,
			);
			runOnlyForDeploymentPostprocessing = 0;
		};
/* End PBXResourcesBuildPhase section */

/* Begin PBXSourcesBuildPhase section */
		E34AB7BC39BA4447F5B8BCDF /* Sources */ = {
			isa = PBXSourcesBuildPhase;
			buildActionMask = 2147483647;
			files = (
				08E17C08831AE3C4A5C215FD /* AppState.swift in Sources */,
				02A91DA2049DCD5E9B534CD4 /* CategoriesView.swift in Sources */,
				90FDFF7FAE814EF985BC0976 /* Cleanup.swift in Sources */,
				6E2140F8C3A91451B53D51B4 /* CleanupView.swift in Sources */,
				2DC46D3C01156DC2EB0BCAE5 /* ContentView.swift in Sources */,
				F1B7637CD7FF60419CB388D1 /* DashboardView.swift in Sources */,
				6C94CBCB3183068FAAED7BC9 /* DeleteToast.swift in Sources */,
				B3C7F1D7FC9C3DB02F7834AA /* Deleter.swift in Sources */,
				C224CC174E9EC5CAA01CB3A3 /* DiskMonitor.swift in Sources */,
				E517675D78AEC299DD860833 /* Duplicates.swift in Sources */,
				56E94F4A9AC4F1B1D41F59B2 /* DuplicatesView.swift in Sources */,
				5AC16433DE17CDD84DE7CA5D /* FileCategory.swift in Sources */,
				BA0BB224C89D65BCEC08879F /* FileNode.swift in Sources */,
				01DFAD812B99A765BA2630AB /* HeadroomApp.swift in Sources */,
				B38B7F40529F70F7C3AD9445 /* InspectorView.swift in Sources */,
				92DB3E69ADFF8178CA136126 /* IntroView.swift in Sources */,
				61FBCF34CE88FC7D6AE5CCD4 /* LargestFilesView.swift in Sources */,
				09DBC1698FF19DE85349F252 /* MenuBarPanel.swift in Sources */,
				2C0ED81033D829D779E2CBA4 /* OutlineTreeView.swift in Sources */,
				9855986ABDE60FD40B08167D /* SafetyInfo.swift in Sources */,
				A01F6098B6E69F21912071AF /* ScanLocation.swift in Sources */,
				B6E54584D1C003F98347D665 /* Scanner.swift in Sources */,
				0C77797B13C3E9036545DFE9 /* SecuritySuites.swift in Sources */,
				46440A725AE1B8AC4DDD6F6D /* TreeView.swift in Sources */,
				2E5DACF58ED1F83B9A54B886 /* TreemapView.swift in Sources */,
				07D3FE973DAA860DD0ACD8CE /* WelcomeView.swift in Sources */,
				61A45752514B4087C9ADDC9E /* WindowSizing.swift in Sources */,
			);
			runOnlyForDeploymentPostprocessing = 0;
		};
/* End PBXSourcesBuildPhase section */

/* Begin XCBuildConfiguration section */
		574DEEAA03EDB3B78AFC97D7 /* Debug */ = {
			isa = XCBuildConfiguration;
			buildSettings = {
				ASSETCATALOG_COMPILER_APPICON_NAME = AppIcon;
				CODE_SIGN_ENTITLEMENTS = AppStore.entitlements;
				CODE_SIGN_STYLE = Automatic;
				COMBINE_HIDPI_IMAGES = YES;
				CURRENT_PROJECT_VERSION = 8;
				ENABLE_APP_SANDBOX = YES;
				ENABLE_HARDENED_RUNTIME = YES;
				GENERATE_INFOPLIST_FILE = NO;
				INFOPLIST_FILE = Info.plist;
				LD_RUNPATH_SEARCH_PATHS = (
					"$(inherited)",
					"@executable_path/../Frameworks",
				);
				MARKETING_VERSION = 1.0.5;
				PRODUCT_BUNDLE_IDENTIFIER = dev.ryware.disktree;
				PRODUCT_NAME = Headroom;
				SDKROOT = macosx;
				SWIFT_ACTIVE_COMPILATION_CONDITIONS = "$(inherited) APP_STORE";
				SWIFT_VERSION = 5.9;
			};
			name = Debug;
		};
		6F8182B0FA7E1163F14CC5E4 /* Release */ = {
			isa = XCBuildConfiguration;
			buildSettings = {
				ALWAYS_SEARCH_USER_PATHS = NO;
				CLANG_ANALYZER_NONNULL = YES;
				CLANG_ANALYZER_NUMBER_OBJECT_CONVERSION = YES_AGGRESSIVE;
				CLANG_CXX_LANGUAGE_STANDARD = "gnu++14";
				CLANG_CXX_LIBRARY = "libc++";
				CLANG_ENABLE_MODULES = YES;
				CLANG_ENABLE_OBJC_ARC = YES;
				CLANG_ENABLE_OBJC_WEAK = YES;
				CLANG_WARN_BLOCK_CAPTURE_AUTORELEASING = YES;
				CLANG_WARN_BOOL_CONVERSION = YES;
				CLANG_WARN_COMMA = YES;
				CLANG_WARN_CONSTANT_CONVERSION = YES;
				CLANG_WARN_DEPRECATED_OBJC_IMPLEMENTATIONS = YES;
				CLANG_WARN_DIRECT_OBJC_ISA_USAGE = YES_ERROR;
				CLANG_WARN_DOCUMENTATION_COMMENTS = YES;
				CLANG_WARN_EMPTY_BODY = YES;
				CLANG_WARN_ENUM_CONVERSION = YES;
				CLANG_WARN_INFINITE_RECURSION = YES;
				CLANG_WARN_INT_CONVERSION = YES;
				CLANG_WARN_NON_LITERAL_NULL_CONVERSION = YES;
				CLANG_WARN_OBJC_IMPLICIT_RETAIN_SELF = YES;
				CLANG_WARN_OBJC_LITERAL_CONVERSION = YES;
				CLANG_WARN_OBJC_ROOT_CLASS = YES_ERROR;
				CLANG_WARN_QUOTED_INCLUDE_IN_FRAMEWORK_HEADER = YES;
				CLANG_WARN_RANGE_LOOP_ANALYSIS = YES;
				CLANG_WARN_STRICT_PROTOTYPES = YES;
				CLANG_WARN_SUSPICIOUS_MOVE = YES;
				CLANG_WARN_UNGUARDED_AVAILABILITY = YES_AGGRESSIVE;
				CLANG_WARN_UNREACHABLE_CODE = YES;
				CLANG_WARN__DUPLICATE_METHOD_MATCH = YES;
				COPY_PHASE_STRIP = NO;
				DEBUG_INFORMATION_FORMAT = "dwarf-with-dsym";
				ENABLE_NS_ASSERTIONS = NO;
				ENABLE_STRICT_OBJC_MSGSEND = YES;
				GCC_C_LANGUAGE_STANDARD = gnu11;
				GCC_NO_COMMON_BLOCKS = YES;
				GCC_WARN_64_TO_32_BIT_CONVERSION = YES;
				GCC_WARN_ABOUT_RETURN_TYPE = YES_ERROR;
				GCC_WARN_UNDECLARED_SELECTOR = YES;
				GCC_WARN_UNINITIALIZED_AUTOS = YES_AGGRESSIVE;
				GCC_WARN_UNUSED_FUNCTION = YES;
				GCC_WARN_UNUSED_VARIABLE = YES;
				MACOSX_DEPLOYMENT_TARGET = 14.0;
				MTL_ENABLE_DEBUG_INFO = NO;
				MTL_FAST_MATH = YES;
				PRODUCT_NAME = "$(TARGET_NAME)";
				SDKROOT = macosx;
				SWIFT_COMPILATION_MODE = wholemodule;
				SWIFT_OPTIMIZATION_LEVEL = "-O";
				SWIFT_VERSION = 5.0;
			};
			name = Release;
		};
		701DB6FC9B95C9FCADE9A78C /* Release */ = {
			isa = XCBuildConfiguration;
			buildSettings = {
				ASSETCATALOG_COMPILER_APPICON_NAME = AppIcon;
				CODE_SIGN_ENTITLEMENTS = AppStore.entitlements;
				CODE_SIGN_STYLE = Automatic;
				COMBINE_HIDPI_IMAGES = YES;
				CURRENT_PROJECT_VERSION = 8;
				ENABLE_APP_SANDBOX = YES;
				ENABLE_HARDENED_RUNTIME = YES;
				GENERATE_INFOPLIST_FILE = NO;
				INFOPLIST_FILE = Info.plist;
				LD_RUNPATH_SEARCH_PATHS = (
					"$(inherited)",
					"@executable_path/../Frameworks",
				);
				MARKETING_VERSION = 1.0.5;
				PRODUCT_BUNDLE_IDENTIFIER = dev.ryware.disktree;
				PRODUCT_NAME = Headroom;
				SDKROOT = macosx;
				SWIFT_ACTIVE_COMPILATION_CONDITIONS = "$(inherited) APP_STORE";
				SWIFT_VERSION = 5.9;
			};
			name = Release;
		};
		C67A61C4264023A03B96474D /* Debug */ = {
			isa = XCBuildConfiguration;
			buildSettings = {
				ALWAYS_SEARCH_USER_PATHS = NO;
				CLANG_ANALYZER_NONNULL = YES;
				CLANG_ANALYZER_NUMBER_OBJECT_CONVERSION = YES_AGGRESSIVE;
				CLANG_CXX_LANGUAGE_STANDARD = "gnu++14";
				CLANG_CXX_LIBRARY = "libc++";
				CLANG_ENABLE_MODULES = YES;
				CLANG_ENABLE_OBJC_ARC = YES;
				CLANG_ENABLE_OBJC_WEAK = YES;
				CLANG_WARN_BLOCK_CAPTURE_AUTORELEASING = YES;
				CLANG_WARN_BOOL_CONVERSION = YES;
				CLANG_WARN_COMMA = YES;
				CLANG_WARN_CONSTANT_CONVERSION = YES;
				CLANG_WARN_DEPRECATED_OBJC_IMPLEMENTATIONS = YES;
				CLANG_WARN_DIRECT_OBJC_ISA_USAGE = YES_ERROR;
				CLANG_WARN_DOCUMENTATION_COMMENTS = YES;
				CLANG_WARN_EMPTY_BODY = YES;
				CLANG_WARN_ENUM_CONVERSION = YES;
				CLANG_WARN_INFINITE_RECURSION = YES;
				CLANG_WARN_INT_CONVERSION = YES;
				CLANG_WARN_NON_LITERAL_NULL_CONVERSION = YES;
				CLANG_WARN_OBJC_IMPLICIT_RETAIN_SELF = YES;
				CLANG_WARN_OBJC_LITERAL_CONVERSION = YES;
				CLANG_WARN_OBJC_ROOT_CLASS = YES_ERROR;
				CLANG_WARN_QUOTED_INCLUDE_IN_FRAMEWORK_HEADER = YES;
				CLANG_WARN_RANGE_LOOP_ANALYSIS = YES;
				CLANG_WARN_STRICT_PROTOTYPES = YES;
				CLANG_WARN_SUSPICIOUS_MOVE = YES;
				CLANG_WARN_UNGUARDED_AVAILABILITY = YES_AGGRESSIVE;
				CLANG_WARN_UNREACHABLE_CODE = YES;
				CLANG_WARN__DUPLICATE_METHOD_MATCH = YES;
				COPY_PHASE_STRIP = NO;
				DEBUG_INFORMATION_FORMAT = dwarf;
				ENABLE_STRICT_OBJC_MSGSEND = YES;
				ENABLE_TESTABILITY = YES;
				GCC_C_LANGUAGE_STANDARD = gnu11;
				GCC_DYNAMIC_NO_PIC = NO;
				GCC_NO_COMMON_BLOCKS = YES;
				GCC_OPTIMIZATION_LEVEL = 0;
				GCC_PREPROCESSOR_DEFINITIONS = (
					"$(inherited)",
					"DEBUG=1",
				);
				GCC_WARN_64_TO_32_BIT_CONVERSION = YES;
				GCC_WARN_ABOUT_RETURN_TYPE = YES_ERROR;
				GCC_WARN_UNDECLARED_SELECTOR = YES;
				GCC_WARN_UNINITIALIZED_AUTOS = YES_AGGRESSIVE;
				GCC_WARN_UNUSED_FUNCTION = YES;
				GCC_WARN_UNUSED_VARIABLE = YES;
				MACOSX_DEPLOYMENT_TARGET = 14.0;
				MTL_ENABLE_DEBUG_INFO = INCLUDE_SOURCE;
				MTL_FAST_MATH = YES;
				ONLY_ACTIVE_ARCH = YES;
				PRODUCT_NAME = "$(TARGET_NAME)";
				SDKROOT = macosx;
				SWIFT_ACTIVE_COMPILATION_CONDITIONS = DEBUG;
				SWIFT_OPTIMIZATION_LEVEL = "-Onone";
				SWIFT_VERSION = 5.0;
			};
			name = Debug;
		};
/* End XCBuildConfiguration section */

/* Begin XCConfigurationList section */
		3E29D1F7476724620C0F38FD /* Build configuration list for PBXNativeTarget "Headroom" */ = {
			isa = XCConfigurationList;
			buildConfigurations = (
				574DEEAA03EDB3B78AFC97D7 /* Debug */,
				701DB6FC9B95C9FCADE9A78C /* Release */,
			);
			defaultConfigurationIsVisible = 0;
			defaultConfigurationName = Debug;
		};
		8911E810F17D902BDE660A7F /* Build configuration list for PBXProject "Headroom" */ = {
			isa = XCConfigurationList;
			buildConfigurations = (
				C67A61C4264023A03B96474D /* Debug */,
				6F8182B0FA7E1163F14CC5E4 /* Release */,
			);
			defaultConfigurationIsVisible = 0;
			defaultConfigurationName = Debug;
		};
/* End XCConfigurationList section */
	};
	rootObject = F5F2DC8D92D80C6725E159CD /* Project object */;
}
